
Microsoft Visual Studio Solution File, Format Version 12.00
# Visual Studio Version 16
VisualStudioVersion = 16.0.34407.143
MinimumVisualStudioVersion = 10.0.40219.1
Project("{8BC9CEB8-8B4A-11D0-8D11-00A0C91BC942}") = "HybridApp", "HybridApp\HybridApp.vcxproj", "{A6628358-8FF4-4577-BE13-BA0E92F9EA38}"
EndProject
Global
	GlobalSection(SolutionConfigurationPlatforms) = preSolution
		Debug|x64 = Debug|x64
		Debug|x86 = Debug|x86
		Release|x64 = Release|x64
		Release|x86 = Release|x86
	EndGlobalSection
	GlobalSection(ProjectConfigurationPlatforms) = postSolution
		{A6628358-8FF4-4577-BE13-BA0E92F9EA38}.Debug|x64.ActiveCfg = Debug|x64
		{A6628358-8FF4-4577-BE13-BA0E92F9EA38}.Debug|x64.Build.0 = Debug|x64
		{A6628358-8FF4-4577-BE13-BA0E92F9EA38}.Debug|x86.ActiveCfg = Debug|Win32
		{A6628358-8FF4-4577-BE13-BA0E92F9EA38}.Debug|x86.Build.0 = Debug|Win32
		{A6628358-8FF4-4577-BE13-BA0E92F9EA38}.Release|x64.ActiveCfg = Release|x64
		{A6628358-8FF4-4577-BE13-BA0E92F9EA38}.Release|x64.Build.0 = Release|x64
		{A6628358-8FF4-4577-BE13-BA0E92F9EA38}.Release|x86.ActiveCfg = Release|Win32
		{A6628358-8FF4-4577-BE13-BA0E92F9EA38}.Release|x86.Build.0 = Release|Win32
	EndGlobalSection
	GlobalSection(SolutionProperties) = preSolution
		HideSolutionNode = FALSE
	EndGlobalSection
	GlobalSection(ExtensibilityGlobals) = postSolution
		SolutionGuid = {89897FE9-F080-46F4-974C-F1F726FA8570}
	EndGlobalSection
EndGlobal
